// !$*UTF8*$!
{
	archiveVersion = 1;
	classes = {
	};
	objectVersion = 50;
	objects = {

/* Begin PBXBuildFile section */
		5544D941240D8596004EC0BE /* AppDelegate.swift in Sources */ = {isa = PBXBuildFile; fileRef = 5544D940240D8596004EC0BE /* AppDelegate.swift */; };
		5544D943240D8596004EC0BE /* SceneDelegate.swift in Sources */ = {isa = PBXBuildFile; fileRef = 5544D942240D8596004EC0BE /* SceneDelegate.swift */; };
		5544D94A240D859E004EC0BE /* Assets.xcassets in Resources */ = {isa = PBXBuildFile; fileRef = 5544D949240D859E004EC0BE /* Assets.xcassets */; };
		5544D94D240D859E004EC0BE /* LaunchScreen.storyboard in Resources */ = {isa = PBXBuildFile; fileRef = 5544D94B240D859E004EC0BE /* LaunchScreen.storyboard */; };
		5544D955240DAACF004EC0BE /* CreateTripViewController.swift in Sources */ = {isa = PBXBuildFile; fileRef = 5544D954240DAACF004EC0BE /* CreateTripViewController.swift */; };
		5544D957240ED3E9004EC0BE /* Main.storyboard in Resources */ = {isa = PBXBuildFile; fileRef = 5544D956240ED3E8004EC0BE /* Main.storyboard */; };
		5544D95A241014FA004EC0BE /* KidsFly.xcdatamodeld in Sources */ = {isa = PBXBuildFile; fileRef = 5544D958241014FA004EC0BE /* KidsFly.xcdatamodeld */; };
		5544D95D2410153F004EC0BE /* CoreDataStack.swift in Sources */ = {isa = PBXBuildFile; fileRef = 5544D95C2410153F004EC0BE /* CoreDataStack.swift */; };
		5544D96024102601004EC0BE /* ModelRepresentations.swift in Sources */ = {isa = PBXBuildFile; fileRef = 5544D95F24102601004EC0BE /* ModelRepresentations.swift */; };
		5544D9622410269F004EC0BE /* TripTableViewController.swift in Sources */ = {isa = PBXBuildFile; fileRef = 5544D9612410269F004EC0BE /* TripTableViewController.swift */; };
		5544D96524102757004EC0BE /* TripTableViewCell.swift in Sources */ = {isa = PBXBuildFile; fileRef = 5544D96424102757004EC0BE /* TripTableViewCell.swift */; };
		5544D96724102957004EC0BE /* Trip+Convenience.swift in Sources */ = {isa = PBXBuildFile; fileRef = 5544D96624102957004EC0BE /* Trip+Convenience.swift */; };
		5544D96924103E68004EC0BE /* TripController.swift in Sources */ = {isa = PBXBuildFile; fileRef = 5544D96824103E68004EC0BE /* TripController.swift */; };
		B57F6EED240D8BCD00B370A9 /* LoginViewController.swift in Sources */ = {isa = PBXBuildFile; fileRef = B57F6EEC240D8BCD00B370A9 /* LoginViewController.swift */; };
		B57F6EEF240D94B200B370A9 /* User.swift in Sources */ = {isa = PBXBuildFile; fileRef = B57F6EEE240D94B200B370A9 /* User.swift */; };
		B57F6EF1240D967E00B370A9 /* KidsFlyController.swift in Sources */ = {isa = PBXBuildFile; fileRef = B57F6EF0240D967E00B370A9 /* KidsFlyController.swift */; };
		B57F6EF3240D976E00B370A9 /* Bearer.swift in Sources */ = {isa = PBXBuildFile; fileRef = B57F6EF2240D976E00B370A9 /* Bearer.swift */; };
/* End PBXBuildFile section */

/* Begin PBXFileReference section */
		5544D93D240D8595004EC0BE /* KidsFly.app */ = {isa = PBXFileReference; explicitFileType = wrapper.application; includeInIndex = 0; path = KidsFly.app; sourceTree = BUILT_PRODUCTS_DIR; };
		5544D940240D8596004EC0BE /* AppDelegate.swift */ = {isa = PBXFileReference; lastKnownFileType = sourcecode.swift; path = AppDelegate.swift; sourceTree = "<group>"; };
		5544D942240D8596004EC0BE /* SceneDelegate.swift */ = {isa = PBXFileReference; lastKnownFileType = sourcecode.swift; path = SceneDelegate.swift; sourceTree = "<group>"; };
		5544D949240D859E004EC0BE /* Assets.xcassets */ = {isa = PBXFileReference; lastKnownFileType = folder.assetcatalog; path = Assets.xcassets; sourceTree = "<group>"; };
		5544D94C240D859E004EC0BE /* Base */ = {isa = PBXFileReference; lastKnownFileType = file.storyboard; name = Base; path = Base.lproj/LaunchScreen.storyboard; sourceTree = "<group>"; };
		5544D94E240D859E004EC0BE /* Info.plist */ = {isa = PBXFileReference; lastKnownFileType = text.plist.xml; path = Info.plist; sourceTree = "<group>"; };
		5544D954240DAACF004EC0BE /* CreateTripViewController.swift */ = {isa = PBXFileReference; lastKnownFileType = sourcecode.swift; path = CreateTripViewController.swift; sourceTree = "<group>"; };
		5544D956240ED3E8004EC0BE /* Main.storyboard */ = {isa = PBXFileReference; lastKnownFileType = file.storyboard; path = Main.storyboard; sourceTree = "<group>"; };
		5544D959241014FA004EC0BE /* KidsFly.xcdatamodel */ = {isa = PBXFileReference; lastKnownFileType = wrapper.xcdatamodel; path = KidsFly.xcdatamodel; sourceTree = "<group>"; };
		5544D95C2410153F004EC0BE /* CoreDataStack.swift */ = {isa = PBXFileReference; lastKnownFileType = sourcecode.swift; path = CoreDataStack.swift; sourceTree = "<group>"; };
		5544D95F24102601004EC0BE /* ModelRepresentations.swift */ = {isa = PBXFileReference; lastKnownFileType = sourcecode.swift; path = ModelRepresentations.swift; sourceTree = "<group>"; };
		5544D9612410269F004EC0BE /* TripTableViewController.swift */ = {isa = PBXFileReference; lastKnownFileType = sourcecode.swift; path = TripTableViewController.swift; sourceTree = "<group>"; };
		5544D96424102757004EC0BE /* TripTableViewCell.swift */ = {isa = PBXFileReference; lastKnownFileType = sourcecode.swift; path = TripTableViewCell.swift; sourceTree = "<group>"; };
		5544D96624102957004EC0BE /* Trip+Convenience.swift */ = {isa = PBXFileReference; lastKnownFileType = sourcecode.swift; name = "Trip+Convenience.swift"; path = "KidsFly/View Controllers/Trip+Convenience.swift"; sourceTree = SOURCE_ROOT; };
		5544D96824103E68004EC0BE /* TripController.swift */ = {isa = PBXFileReference; lastKnownFileType = sourcecode.swift; path = TripController.swift; sourceTree = "<group>"; };
		B57F6EEC240D8BCD00B370A9 /* LoginViewController.swift */ = {isa = PBXFileReference; lastKnownFileType = sourcecode.swift; path = LoginViewController.swift; sourceTree = "<group>"; };
		B57F6EEE240D94B200B370A9 /* User.swift */ = {isa = PBXFileReference; lastKnownFileType = sourcecode.swift; path = User.swift; sourceTree = "<group>"; };
		B57F6EF0240D967E00B370A9 /* KidsFlyController.swift */ = {isa = PBXFileReference; lastKnownFileType = sourcecode.swift; path = KidsFlyController.swift; sourceTree = "<group>"; };
		B57F6EF2240D976E00B370A9 /* Bearer.swift */ = {isa = PBXFileReference; lastKnownFileType = sourcecode.swift; path = Bearer.swift; sourceTree = "<group>"; };
/* End PBXFileReference section */

/* Begin PBXFrameworksBuildPhase section */
		5544D93A240D8595004EC0BE /* Frameworks */ = {
			isa = PBXFrameworksBuildPhase;
			buildActionMask = 2147483647;
			files = (
			);
			runOnlyForDeploymentPostprocessing = 0;
		};
/* End PBXFrameworksBuildPhase section */

/* Begin PBXGroup section */
		5544D934240D8595004EC0BE = {
			isa = PBXGroup;
			children = (
				5544D93F240D8595004EC0BE /* KidsFly */,
				5544D93E240D8595004EC0BE /* Products */,
			);
			sourceTree = "<group>";
		};
		5544D93E240D8595004EC0BE /* Products */ = {
			isa = PBXGroup;
			children = (
				5544D93D240D8595004EC0BE /* KidsFly.app */,
			);
			name = Products;
			sourceTree = "<group>";
		};
		5544D93F240D8595004EC0BE /* KidsFly */ = {
			isa = PBXGroup;
			children = (
				5544D963241026DC004EC0BE /* Model Controllers */,
				B57F6EF4240D977A00B370A9 /* Models */,
				5544D949240D859E004EC0BE /* Assets.xcassets */,
				5544D940240D8596004EC0BE /* AppDelegate.swift */,
				5544D95E241024DF004EC0BE /* Storyboards */,
				5544D942240D8596004EC0BE /* SceneDelegate.swift */,
				5544D94E240D859E004EC0BE /* Info.plist */,
				5544D95B24101501004EC0BE /* View Controllers */,
			);
			path = KidsFly;
			sourceTree = "<group>";
		};
		5544D95B24101501004EC0BE /* View Controllers */ = {
			isa = PBXGroup;
			children = (
				B57F6EEC240D8BCD00B370A9 /* LoginViewController.swift */,
				5544D954240DAACF004EC0BE /* CreateTripViewController.swift */,
				5544D9612410269F004EC0BE /* TripTableViewController.swift */,
				5544D96424102757004EC0BE /* TripTableViewCell.swift */,
			);
			path = "View Controllers";
			sourceTree = "<group>";
		};
		5544D95E241024DF004EC0BE /* Storyboards */ = {
			isa = PBXGroup;
			children = (
				5544D956240ED3E8004EC0BE /* Main.storyboard */,
				5544D94B240D859E004EC0BE /* LaunchScreen.storyboard */,
			);
			path = Storyboards;
			sourceTree = "<group>";
		};
		5544D963241026DC004EC0BE /* Model Controllers */ = {
			isa = PBXGroup;
			children = (
				5544D96824103E68004EC0BE /* TripController.swift */,
			);
			path = "Model Controllers";
			sourceTree = "<group>";
		};
		B57F6EF4240D977A00B370A9 /* Models */ = {
			isa = PBXGroup;
			children = (
				5544D96624102957004EC0BE /* Trip+Convenience.swift */,
				B57F6EF0240D967E00B370A9 /* KidsFlyController.swift */,
				B57F6EF2240D976E00B370A9 /* Bearer.swift */,
				5544D95F24102601004EC0BE /* ModelRepresentations.swift */,
				B57F6EEE240D94B200B370A9 /* User.swift */,
				5544D958241014FA004EC0BE /* KidsFly.xcdatamodeld */,
				5544D95C2410153F004EC0BE /* CoreDataStack.swift */,
			);
			path = Models;
			sourceTree = "<group>";
		};
/* End PBXGroup section */

/* Begin PBXNativeTarget section */
		5544D93C240D8595004EC0BE /* KidsFly */ = {
			isa = PBXNativeTarget;
			buildConfigurationList = 5544D951240D859E004EC0BE /* Build configuration list for PBXNativeTarget "KidsFly" */;
			buildPhases = (
				5544D939240D8595004EC0BE /* Sources */,
				5544D93A240D8595004EC0BE /* Frameworks */,
				5544D93B240D8595004EC0BE /* Resources */,
			);
			buildRules = (
			);
			dependencies = (
			);
			name = KidsFly;
			productName = KidsFly;
			productReference = 5544D93D240D8595004EC0BE /* KidsFly.app */;
			productType = "com.apple.product-type.application";
		};
/* End PBXNativeTarget section */

/* Begin PBXProject section */
		5544D935240D8595004EC0BE /* Project object */ = {
			isa = PBXProject;
			attributes = {
				LastSwiftUpdateCheck = 1130;
				LastUpgradeCheck = 1130;
				ORGANIZATIONNAME = "Keri Levesque";
				TargetAttributes = {
					5544D93C240D8595004EC0BE = {
						CreatedOnToolsVersion = 11.3.1;
					};
				};
			};
			buildConfigurationList = 5544D938240D8595004EC0BE /* Build configuration list for PBXProject "KidsFly" */;
			compatibilityVersion = "Xcode 9.3";
			developmentRegion = en;
			hasScannedForEncodings = 0;
			knownRegions = (
				en,
				Base,
			);
			mainGroup = 5544D934240D8595004EC0BE;
			productRefGroup = 5544D93E240D8595004EC0BE /* Products */;
			projectDirPath = "";
			projectRoot = "";
			targets = (
				5544D93C240D8595004EC0BE /* KidsFly */,
			);
		};
/* End PBXProject section */

/* Begin PBXResourcesBuildPhase section */
		5544D93B240D8595004EC0BE /* Resources */ = {
			isa = PBXResourcesBuildPhase;
			buildActionMask = 2147483647;
			files = (
				5544D957240ED3E9004EC0BE /* Main.storyboard in Resources */,
				5544D94D240D859E004EC0BE /* LaunchScreen.storyboard in Resources */,
				5544D94A240D859E004EC0BE /* Assets.xcassets in Resources */,
			);
			runOnlyForDeploymentPostprocessing = 0;
		};
/* End PBXResourcesBuildPhase section */

/* Begin PBXSourcesBuildPhase section */
		5544D939240D8595004EC0BE /* Sources */ = {
			isa = PBXSourcesBuildPhase;
			buildActionMask = 2147483647;
			files = (
				5544D96524102757004EC0BE /* TripTableViewCell.swift in Sources */,
				B57F6EF1240D967E00B370A9 /* KidsFlyController.swift in Sources */,
				5544D9622410269F004EC0BE /* TripTableViewController.swift in Sources */,
				B57F6EEF240D94B200B370A9 /* User.swift in Sources */,
				5544D96724102957004EC0BE /* Trip+Convenience.swift in Sources */,
				5544D95A241014FA004EC0BE /* KidsFly.xcdatamodeld in Sources */,
				5544D95D2410153F004EC0BE /* CoreDataStack.swift in Sources */,
				5544D96024102601004EC0BE /* ModelRepresentations.swift in Sources */,
				B57F6EF3240D976E00B370A9 /* Bearer.swift in Sources */,
				B57F6EED240D8BCD00B370A9 /* LoginViewController.swift in Sources */,
				5544D941240D8596004EC0BE /* AppDelegate.swift in Sources */,
				5544D943240D8596004EC0BE /* SceneDelegate.swift in Sources */,
				5544D96924103E68004EC0BE /* TripController.swift in Sources */,
				5544D955240DAACF004EC0BE /* CreateTripViewController.swift in Sources */,
			);
			runOnlyForDeploymentPostprocessing = 0;
		};
/* End PBXSourcesBuildPhase section */

/* Begin PBXVariantGroup section */
		5544D94B240D859E004EC0BE /* LaunchScreen.storyboard */ = {
			isa = PBXVariantGroup;
			children = (
				5544D94C240D859E004EC0BE /* Base */,
			);
			name = LaunchScreen.storyboard;
			sourceTree = "<group>";
		};
/* End PBXVariantGroup section */

/* Begin XCBuildConfiguration section */
		5544D94F240D859E004EC0BE /* Debug */ = {
			isa = XCBuildConfiguration;
			buildSettings = {
				ALWAYS_SEARCH_USER_PATHS = NO;
				CLANG_ANALYZER_NONNULL = YES;
				CLANG_ANALYZER_NUMBER_OBJECT_CONVERSION = YES_AGGRESSIVE;
				CLANG_CXX_LANGUAGE_STANDARD = "gnu++14";
				CLANG_CXX_LIBRARY = "libc++";
				CLANG_ENABLE_MODULES = YES;
				CLANG_ENABLE_OBJC_ARC = YES;
				CLANG_ENABLE_OBJC_WEAK = YES;
				CLANG_WARN_BLOCK_CAPTURE_AUTORELEASING = YES;
				CLANG_WARN_BOOL_CONVERSION = YES;
				CLANG_WARN_COMMA = YES;
				CLANG_WARN_CONSTANT_CONVERSION = YES;
				CLANG_WARN_DEPRECATED_OBJC_IMPLEMENTATIONS = YES;
				CLANG_WARN_DIRECT_OBJC_ISA_USAGE = YES_ERROR;
				CLANG_WARN_DOCUMENTATION_COMMENTS = YES;
				CLANG_WARN_EMPTY_BODY = YES;
				CLANG_WARN_ENUM_CONVERSION = YES;
				CLANG_WARN_INFINITE_RECURSION = YES;
				CLANG_WARN_INT_CONVERSION = YES;
				CLANG_WARN_NON_LITERAL_NULL_CONVERSION = YES;
				CLANG_WARN_OBJC_IMPLICIT_RETAIN_SELF = YES;
				CLANG_WARN_OBJC_LITERAL_CONVERSION = YES;
				CLANG_WARN_OBJC_ROOT_CLASS = YES_ERROR;
				CLANG_WARN_RANGE_LOOP_ANALYSIS = YES;
				CLANG_WARN_STRICT_PROTOTYPES = YES;
				CLANG_WARN_SUSPICIOUS_MOVE = YES;
				CLANG_WARN_UNGUARDED_AVAILABILITY = YES_AGGRESSIVE;
				CLANG_WARN_UNREACHABLE_CODE = YES;
				CLANG_WARN__DUPLICATE_METHOD_MATCH = YES;
				COPY_PHASE_STRIP = NO;
				DEBUG_INFORMATION_FORMAT = dwarf;
				ENABLE_STRICT_OBJC_MSGSEND = YES;
				ENABLE_TESTABILITY = YES;
				GCC_C_LANGUAGE_STANDARD = gnu11;
				GCC_DYNAMIC_NO_PIC = NO;
				GCC_NO_COMMON_BLOCKS = YES;
				GCC_OPTIMIZATION_LEVEL = 0;
				GCC_PREPROCESSOR_DEFINITIONS = (
					"DEBUG=1",
					"$(inherited)",
				);
				GCC_WARN_64_TO_32_BIT_CONVERSION = YES;
				GCC_WARN_ABOUT_RETURN_TYPE = YES_ERROR;
				GCC_WARN_UNDECLARED_SELECTOR = YES;
				GCC_WARN_UNINITIALIZED_AUTOS = YES_AGGRESSIVE;
				GCC_WARN_UNUSED_FUNCTION = YES;
				GCC_WARN_UNUSED_VARIABLE = YES;
				IPHONEOS_DEPLOYMENT_TARGET = 13.2;
				MTL_ENABLE_DEBUG_INFO = INCLUDE_SOURCE;
				MTL_FAST_MATH = YES;
				ONLY_ACTIVE_ARCH = YES;
				SDKROOT = iphoneos;
				SWIFT_ACTIVE_COMPILATION_CONDITIONS = DEBUG;
				SWIFT_OPTIMIZATION_LEVEL = "-Onone";
			};
			name = Debug;
		};
		5544D950240D859E004EC0BE /* Release */ = {
			isa = XCBuildConfiguration;
			buildSettings = {
				ALWAYS_SEARCH_USER_PATHS = NO;
				CLANG_ANALYZER_NONNULL = YES;
				CLANG_ANALYZER_NUMBER_OBJECT_CONVERSION = YES_AGGRESSIVE;
				CLANG_CXX_LANGUAGE_STANDARD = "gnu++14";
				CLANG_CXX_LIBRARY = "libc++";
				CLANG_ENABLE_MODULES = YES;
				CLANG_ENABLE_OBJC_ARC = YES;
				CLANG_ENABLE_OBJC_WEAK = YES;
				CLANG_WARN_BLOCK_CAPTURE_AUTORELEASING = YES;
				CLANG_WARN_BOOL_CONVERSION = YES;
				CLANG_WARN_COMMA = YES;
				CLANG_WARN_CONSTANT_CONVERSION = YES;
				CLANG_WARN_DEPRECATED_OBJC_IMPLEMENTATIONS = YES;
				CLANG_WARN_DIRECT_OBJC_ISA_USAGE = YES_ERROR;
				CLANG_WARN_DOCUMENTATION_COMMENTS = YES;
				CLANG_WARN_EMPTY_BODY = YES;
				CLANG_WARN_ENUM_CONVERSION = YES;
				CLANG_WARN_INFINITE_RECURSION = YES;
				CLANG_WARN_INT_CONVERSION = YES;
				CLANG_WARN_NON_LITERAL_NULL_CONVERSION = YES;
				CLANG_WARN_OBJC_IMPLICIT_RETAIN_SELF = YES;
				CLANG_WARN_OBJC_LITERAL_CONVERSION = YES;
				CLANG_WARN_OBJC_ROOT_CLASS = YES_ERROR;
				CLANG_WARN_RANGE_LOOP_ANALYSIS = YES;
				CLANG_WARN_STRICT_PROTOTYPES = YES;
				CLANG_WARN_SUSPICIOUS_MOVE = YES;
				CLANG_WARN_UNGUARDED_AVAILABILITY = YES_AGGRESSIVE;
				CLANG_WARN_UNREACHABLE_CODE = YES;
				CLANG_WARN__DUPLICATE_METHOD_MATCH = YES;
				COPY_PHASE_STRIP = NO;
				DEBUG_INFORMATION_FORMAT = "dwarf-with-dsym";
				ENABLE_NS_ASSERTIONS = NO;
				ENABLE_STRICT_OBJC_MSGSEND = YES;
				GCC_C_LANGUAGE_STANDARD = gnu11;
				GCC_NO_COMMON_BLOCKS = YES;
				GCC_WARN_64_TO_32_BIT_CONVERSION = YES;
				GCC_WARN_ABOUT_RETURN_TYPE = YES_ERROR;
				GCC_WARN_UNDECLARED_SELECTOR = YES;
				GCC_WARN_UNINITIALIZED_AUTOS = YES_AGGRESSIVE;
				GCC_WARN_UNUSED_FUNCTION = YES;
				GCC_WARN_UNUSED_VARIABLE = YES;
				IPHONEOS_DEPLOYMENT_TARGET = 13.2;
				MTL_ENABLE_DEBUG_INFO = NO;
				MTL_FAST_MATH = YES;
				SDKROOT = iphoneos;
				SWIFT_COMPILATION_MODE = wholemodule;
				SWIFT_OPTIMIZATION_LEVEL = "-O";
				VALIDATE_PRODUCT = YES;
			};
			name = Release;
		};
		5544D952240D859E004EC0BE /* Debug */ = {
			isa = XCBuildConfiguration;
			buildSettings = {
				ASSETCATALOG_COMPILER_APPICON_NAME = AppIcon;
				CODE_SIGN_STYLE = Automatic;
				INFOPLIST_FILE = KidsFly/Info.plist;
				LD_RUNPATH_SEARCH_PATHS = (
					"$(inherited)",
					"@executable_path/Frameworks",
				);
				PRODUCT_BUNDLE_IDENTIFIER = com.example.KidsFly;
				PRODUCT_NAME = "$(TARGET_NAME)";
				SWIFT_VERSION = 5.0;
				TARGETED_DEVICE_FAMILY = "1,2";
			};
			name = Debug;
		};
		5544D953240D859E004EC0BE /* Release */ = {
			isa = XCBuildConfiguration;
			buildSettings = {
				ASSETCATALOG_COMPILER_APPICON_NAME = AppIcon;
				CODE_SIGN_STYLE = Automatic;
				INFOPLIST_FILE = KidsFly/Info.plist;
				LD_RUNPATH_SEARCH_PATHS = (
					"$(inherited)",
					"@executable_path/Frameworks",
				);
				PRODUCT_BUNDLE_IDENTIFIER = com.example.KidsFly;
				PRODUCT_NAME = "$(TARGET_NAME)";
				SWIFT_VERSION = 5.0;
				TARGETED_DEVICE_FAMILY = "1,2";
			};
			name = Release;
		};
/* End XCBuildConfiguration section */

/* Begin XCConfigurationList section */
		5544D938240D8595004EC0BE /* Build configuration list for PBXProject "KidsFly" */ = {
			isa = XCConfigurationList;
			buildConfigurations = (
				5544D94F240D859E004EC0BE /* Debug */,
				5544D950240D859E004EC0BE /* Release */,
			);
			defaultConfigurationIsVisible = 0;
			defaultConfigurationName = Release;
		};
		5544D951240D859E004EC0BE /* Build configuration list for PBXNativeTarget "KidsFly" */ = {
			isa = XCConfigurationList;
			buildConfigurations = (
				5544D952240D859E004EC0BE /* Debug */,
				5544D953240D859E004EC0BE /* Release */,
			);
			defaultConfigurationIsVisible = 0;
			defaultConfigurationName = Release;
		};
/* End XCConfigurationList section */

/* Begin XCVersionGroup section */
		5544D958241014FA004EC0BE /* KidsFly.xcdatamodeld */ = {
			isa = XCVersionGroup;
			children = (
				5544D959241014FA004EC0BE /* KidsFly.xcdatamodel */,
			);
			currentVersion = 5544D959241014FA004EC0BE /* KidsFly.xcdatamodel */;
			path = KidsFly.xcdatamodeld;
			sourceTree = "<group>";
			versionGroupType = wrapper.xcdatamodel;
		};
/* End XCVersionGroup section */
	};
	rootObject = 5544D935240D8595004EC0BE /* Project object */;
}
